
Microsoft Visual Studio Solution File, Format Version 12.00
# Visual Studio Version 17
VisualStudioVersion = 17.1.32407.343
MinimumVisualStudioVersion = 10.0.40219.1
Project("{9A19103F-16F7-4668-BE54-9A1E7A4F7556}") = "StrongType", "src\StrongType\StrongType.csproj", "{2708EFD0-6AA2-4BF8-86E1-9A7239234FBA}"
EndProject
Project("{9A19103F-16F7-4668-BE54-9A1E7A4F7556}") = "StrongType.Newtonsoft.Json", "src\StrongType.Newtonsoft.Json\StrongType.Newtonsoft.Json.csproj", "{C48B1FFF-F646-4845-8F91-05EBED9D5E24}"
EndProject
Project("{9A19103F-16F7-4668-BE54-9A1E7A4F7556}") = "StrongType.System.Text.Json", "src\StrongType.System.Text.Json\StrongType.System.Text.Json.csproj", "{6C28BBD0-AC30-4498-9EB2-4E827BC9A8A8}"
EndProject
Project("{9A19103F-16F7-4668-BE54-9A1E7A4F7556}") = "StrongType.NHibernate", "src\StrongType.NHibernate\StrongType.NHibernate.csproj", "{ADDCF165-2C9A-4F95-B042-331D4FB2C3F8}"
EndProject
Project("{9A19103F-16F7-4668-BE54-9A1E7A4F7556}") = "StrongType.Tests", "tests\StrongType.Tests\StrongType.Tests.csproj", "{3B3A68D8-9797-4E4B-89BA-A0EB897534FA}"
EndProject
Project("{2150E333-8FDC-42A3-9474-1A3956D46DE8}") = "tests", "tests", "{52CC2D9E-285B-45DA-AFFB-4C707F744AE6}"
EndProject
Project("{2150E333-8FDC-42A3-9474-1A3956D46DE8}") = "Solution Items", "Solution Items", "{0ECCA239-422B-4D90-9D0F-565026C41C53}"
	ProjectSection(SolutionItems) = preProject
		.gitignore = .gitignore
		.github\workflows\default.yml = .github\workflows\default.yml
		README.md = README.md
		.github\workflows\release.yml = .github\workflows\release.yml
	EndProjectSection
EndProject
Project("{9A19103F-16F7-4668-BE54-9A1E7A4F7556}") = "StrongType.FluentNHibernate", "src\StrongType.FluentNHibernate\StrongType.FluentNHibernate.csproj", "{8ADDCE05-ADF0-4E84-8257-3F450388812A}"
EndProject
Project("{9A19103F-16F7-4668-BE54-9A1E7A4F7556}") = "StrongType.Generators", "src\StrongType.Generators\StrongType.Generators.csproj", "{F1883575-B51B-4F35-BFF7-AC21C89E5B20}"
EndProject
Project("{9A19103F-16F7-4668-BE54-9A1E7A4F7556}") = "Roslyn.CodeDom", "tests\Roslyn.CodeDom\Roslyn.CodeDom.csproj", "{631E619F-6B28-4019-8C41-B16096969560}"
EndProject
Project("{9A19103F-16F7-4668-BE54-9A1E7A4F7556}") = "StrongType.GraphQL", "src\StrongType.GraphQL\StrongType.GraphQL.csproj", "{8F11AF9B-AA91-4552-8E80-50BDBF197174}"
EndProject
Project("{9A19103F-16F7-4668-BE54-9A1E7A4F7556}") = "StrongType.HotChocolate", "src\StrongType.HotChocolate\StrongType.HotChocolate.csproj", "{0A6498A1-EB80-42EF-A019-0D932649A004}"
EndProject
Project("{9A19103F-16F7-4668-BE54-9A1E7A4F7556}") = "StrongType.EFCore", "src\StrongType.EFCore\StrongType.EFCore.csproj", "{C605FDD8-AE72-4756-9334-6402CEA564FA}"
EndProject
Project("{9A19103F-16F7-4668-BE54-9A1E7A4F7556}") = "StrongType.EFCore.Npgsql", "src\StrongType.EFCore.Npgsql\StrongType.EFCore.Npgsql.csproj", "{F86B4384-0870-46E7-AD2C-E367A7D3D048}"
EndProject
Global
	GlobalSection(SolutionConfigurationPlatforms) = preSolution
		Debug|Any CPU = Debug|Any CPU
		Release|Any CPU = Release|Any CPU
	EndGlobalSection
	GlobalSection(ProjectConfigurationPlatforms) = postSolution
		{2708EFD0-6AA2-4BF8-86E1-9A7239234FBA}.Debug|Any CPU.ActiveCfg = Debug|Any CPU
		{2708EFD0-6AA2-4BF8-86E1-9A7239234FBA}.Debug|Any CPU.Build.0 = Debug|Any CPU
		{2708EFD0-6AA2-4BF8-86E1-9A7239234FBA}.Release|Any CPU.ActiveCfg = Release|Any CPU
		{2708EFD0-6AA2-4BF8-86E1-9A7239234FBA}.Release|Any CPU.Build.0 = Release|Any CPU
		{C48B1FFF-F646-4845-8F91-05EBED9D5E24}.Debug|Any CPU.ActiveCfg = Debug|Any CPU
		{C48B1FFF-F646-4845-8F91-05EBED9D5E24}.Debug|Any CPU.Build.0 = Debug|Any CPU
		{C48B1FFF-F646-4845-8F91-05EBED9D5E24}.Release|Any CPU.ActiveCfg = Release|Any CPU
		{C48B1FFF-F646-4845-8F91-05EBED9D5E24}.Release|Any CPU.Build.0 = Release|Any CPU
		{6C28BBD0-AC30-4498-9EB2-4E827BC9A8A8}.Debug|Any CPU.ActiveCfg = Debug|Any CPU
		{6C28BBD0-AC30-4498-9EB2-4E827BC9A8A8}.Debug|Any CPU.Build.0 = Debug|Any CPU
		{6C28BBD0-AC30-4498-9EB2-4E827BC9A8A8}.Release|Any CPU.ActiveCfg = Release|Any CPU
		{6C28BBD0-AC30-4498-9EB2-4E827BC9A8A8}.Release|Any CPU.Build.0 = Release|Any CPU
		{ADDCF165-2C9A-4F95-B042-331D4FB2C3F8}.Debug|Any CPU.ActiveCfg = Debug|Any CPU
		{ADDCF165-2C9A-4F95-B042-331D4FB2C3F8}.Debug|Any CPU.Build.0 = Debug|Any CPU
		{ADDCF165-2C9A-4F95-B042-331D4FB2C3F8}.Release|Any CPU.ActiveCfg = Release|Any CPU
		{ADDCF165-2C9A-4F95-B042-331D4FB2C3F8}.Release|Any CPU.Build.0 = Release|Any CPU
		{3B3A68D8-9797-4E4B-89BA-A0EB897534FA}.Debug|Any CPU.ActiveCfg = Debug|Any CPU
		{3B3A68D8-9797-4E4B-89BA-A0EB897534FA}.Debug|Any CPU.Build.0 = Debug|Any CPU
		{3B3A68D8-9797-4E4B-89BA-A0EB897534FA}.Release|Any CPU.ActiveCfg = Release|Any CPU
		{3B3A68D8-9797-4E4B-89BA-A0EB897534FA}.Release|Any CPU.Build.0 = Release|Any CPU
		{8ADDCE05-ADF0-4E84-8257-3F450388812A}.Debug|Any CPU.ActiveCfg = Debug|Any CPU
		{8ADDCE05-ADF0-4E84-8257-3F450388812A}.Debug|Any CPU.Build.0 = Debug|Any CPU
		{8ADDCE05-ADF0-4E84-8257-3F450388812A}.Release|Any CPU.ActiveCfg = Release|Any CPU
		{8ADDCE05-ADF0-4E84-8257-3F450388812A}.Release|Any CPU.Build.0 = Release|Any CPU
		{F1883575-B51B-4F35-BFF7-AC21C89E5B20}.Debug|Any CPU.ActiveCfg = Debug|Any CPU
		{F1883575-B51B-4F35-BFF7-AC21C89E5B20}.Debug|Any CPU.Build.0 = Debug|Any CPU
		{F1883575-B51B-4F35-BFF7-AC21C89E5B20}.Release|Any CPU.ActiveCfg = Release|Any CPU
		{F1883575-B51B-4F35-BFF7-AC21C89E5B20}.Release|Any CPU.Build.0 = Release|Any CPU
		{631E619F-6B28-4019-8C41-B16096969560}.Debug|Any CPU.ActiveCfg = Debug|Any CPU
		{631E619F-6B28-4019-8C41-B16096969560}.Debug|Any CPU.Build.0 = Debug|Any CPU
		{631E619F-6B28-4019-8C41-B16096969560}.Release|Any CPU.ActiveCfg = Release|Any CPU
		{631E619F-6B28-4019-8C41-B16096969560}.Release|Any CPU.Build.0 = Release|Any CPU
		{8F11AF9B-AA91-4552-8E80-50BDBF197174}.Debug|Any CPU.ActiveCfg = Debug|Any CPU
		{8F11AF9B-AA91-4552-8E80-50BDBF197174}.Debug|Any CPU.Build.0 = Debug|Any CPU
		{8F11AF9B-AA91-4552-8E80-50BDBF197174}.Release|Any CPU.ActiveCfg = Release|Any CPU
		{8F11AF9B-AA91-4552-8E80-50BDBF197174}.Release|Any CPU.Build.0 = Release|Any CPU
		{0A6498A1-EB80-42EF-A019-0D932649A004}.Debug|Any CPU.ActiveCfg = Debug|Any CPU
		{0A6498A1-EB80-42EF-A019-0D932649A004}.Debug|Any CPU.Build.0 = Debug|Any CPU
		{0A6498A1-EB80-42EF-A019-0D932649A004}.Release|Any CPU.ActiveCfg = Release|Any CPU
		{0A6498A1-EB80-42EF-A019-0D932649A004}.Release|Any CPU.Build.0 = Release|Any CPU
		{C605FDD8-AE72-4756-9334-6402CEA564FA}.Debug|Any CPU.ActiveCfg = Debug|Any CPU
		{C605FDD8-AE72-4756-9334-6402CEA564FA}.Debug|Any CPU.Build.0 = Debug|Any CPU
		{C605FDD8-AE72-4756-9334-6402CEA564FA}.Release|Any CPU.ActiveCfg = Release|Any CPU
		{C605FDD8-AE72-4756-9334-6402CEA564FA}.Release|Any CPU.Build.0 = Release|Any CPU
		{F86B4384-0870-46E7-AD2C-E367A7D3D048}.Debug|Any CPU.ActiveCfg = Debug|Any CPU
		{F86B4384-0870-46E7-AD2C-E367A7D3D048}.Debug|Any CPU.Build.0 = Debug|Any CPU
		{F86B4384-0870-46E7-AD2C-E367A7D3D048}.Release|Any CPU.ActiveCfg = Release|Any CPU
		{F86B4384-0870-46E7-AD2C-E367A7D3D048}.Release|Any CPU.Build.0 = Release|Any CPU
	EndGlobalSection
	GlobalSection(SolutionProperties) = preSolution
		HideSolutionNode = FALSE
	EndGlobalSection
	GlobalSection(NestedProjects) = preSolution
		{3B3A68D8-9797-4E4B-89BA-A0EB897534FA} = {52CC2D9E-285B-45DA-AFFB-4C707F744AE6}
		{631E619F-6B28-4019-8C41-B16096969560} = {52CC2D9E-285B-45DA-AFFB-4C707F744AE6}
	EndGlobalSection
	GlobalSection(ExtensibilityGlobals) = postSolution
		SolutionGuid = {48350E7B-1F2B-426A-A0F3-3B2D2CCDD0BB}
	EndGlobalSection
EndGlobal
